// !$*UTF8*$!
{
	archiveVersion = 1;
	classes = {
	};
	objectVersion = 56;
	objects = {

/* Begin PBXBuildFile section */
		0A23D3772A8F82E7009A6091 /* AppDelegate.swift in Sources */ = {isa = PBXBuildFile; fileRef = 0A23D3762A8F82E7009A6091 /* AppDelegate.swift */; };
		0A23D37B2A8F82E7009A6091 /* MySubscribesViewController.swift in Sources */ = {isa = PBXBuildFile; fileRef = 0A23D37A2A8F82E7009A6091 /* MySubscribesViewController.swift */; };
		0A23D3802A8F82E7009A6091 /* Assets.xcassets in Resources */ = {isa = PBXBuildFile; fileRef = 0A23D37F2A8F82E7009A6091 /* Assets.xcassets */; };
		0A23D3832A8F82E7009A6091 /* LaunchScreen.storyboard in Resources */ = {isa = PBXBuildFile; fileRef = 0A23D3812A8F82E7009A6091 /* LaunchScreen.storyboard */; };
		0A23D3972A8F8789009A6091 /* runswiftgen.sh in Resources */ = {isa = PBXBuildFile; fileRef = 0A23D3912A8F8789009A6091 /* runswiftgen.sh */; };
		0A23D3982A8F878A009A6091 /* ImageAssets.stencil in Resources */ = {isa = PBXBuildFile; fileRef = 0A23D3932A8F8789009A6091 /* ImageAssets.stencil */; };
		0A23D3992A8F878A009A6091 /* LocalizableStrings.stencil in Resources */ = {isa = PBXBuildFile; fileRef = 0A23D3942A8F8789009A6091 /* LocalizableStrings.stencil */; };
		0A23D39A2A8F878A009A6091 /* Fonts.stencil in Resources */ = {isa = PBXBuildFile; fileRef = 0A23D3952A8F8789009A6091 /* Fonts.stencil */; };
		0A23D39B2A8F878A009A6091 /* swiftgen.yml in Resources */ = {isa = PBXBuildFile; fileRef = 0A23D3962A8F8789009A6091 /* swiftgen.yml */; };
		0A23D39D2A8F87A2009A6091 /* .swiftlint.yml in Resources */ = {isa = PBXBuildFile; fileRef = 0A23D39C2A8F87A2009A6091 /* .swiftlint.yml */; };
		0A23D3A12A8F88E3009A6091 /* Localizable.strings in Resources */ = {isa = PBXBuildFile; fileRef = 0A23D3A32A8F88E3009A6091 /* Localizable.strings */; };
		0A23D3A72A8F892B009A6091 /* Localization.swift in Sources */ = {isa = PBXBuildFile; fileRef = 0A23D3A52A8F892B009A6091 /* Localization.swift */; };
		0A23D3A82A8F892B009A6091 /* Image.swift in Sources */ = {isa = PBXBuildFile; fileRef = 0A23D3A62A8F892B009A6091 /* Image.swift */; };
		0A23D3AB2A8FB2F9009A6091 /* ScreenBuilder.swift in Sources */ = {isa = PBXBuildFile; fileRef = 0A23D3AA2A8FB2F9009A6091 /* ScreenBuilder.swift */; };
		0A23D3B02A8FB3F5009A6091 /* MySubscribesViewModel.swift in Sources */ = {isa = PBXBuildFile; fileRef = 0A23D3AF2A8FB3F5009A6091 /* MySubscribesViewModel.swift */; };
		0A23D3B32A8FB5E6009A6091 /* TabBarController.swift in Sources */ = {isa = PBXBuildFile; fileRef = 0A23D3B22A8FB5E6009A6091 /* TabBarController.swift */; };
		0A23D3B62A8FB69F009A6091 /* SettingsView.swift in Sources */ = {isa = PBXBuildFile; fileRef = 0A23D3B52A8FB69F009A6091 /* SettingsView.swift */; };
		0A23D3B82A8FB6AF009A6091 /* SettingsViewController.swift in Sources */ = {isa = PBXBuildFile; fileRef = 0A23D3B72A8FB6AF009A6091 /* SettingsViewController.swift */; };
		0A23D3BA2A8FB6BA009A6091 /* SettingsViewModel.swift in Sources */ = {isa = PBXBuildFile; fileRef = 0A23D3B92A8FB6BA009A6091 /* SettingsViewModel.swift */; };
		0A23D3BD2A8FDD62009A6091 /* NewSubscribeView.swift in Sources */ = {isa = PBXBuildFile; fileRef = 0A23D3BC2A8FDD62009A6091 /* NewSubscribeView.swift */; };
		0A23D3BF2A8FDD6A009A6091 /* NewSubscribeViewController.swift in Sources */ = {isa = PBXBuildFile; fileRef = 0A23D3BE2A8FDD6A009A6091 /* NewSubscribeViewController.swift */; };
		0A23D3C12A8FDD72009A6091 /* NewSubscribeViewModel.swift in Sources */ = {isa = PBXBuildFile; fileRef = 0A23D3C02A8FDD72009A6091 /* NewSubscribeViewModel.swift */; };
		0A23D3C82A8FE2B0009A6091 /* CellsReusingUtils.swift in Sources */ = {isa = PBXBuildFile; fileRef = 0A23D3C72A8FE2B0009A6091 /* CellsReusingUtils.swift */; };
		0A23D3CB2A8FE2E3009A6091 /* SubscribeCell.swift in Sources */ = {isa = PBXBuildFile; fileRef = 0A23D3CA2A8FE2E3009A6091 /* SubscribeCell.swift */; };
		0A23D3CD2A8FE386009A6091 /* Font.swift in Sources */ = {isa = PBXBuildFile; fileRef = 0A23D3CC2A8FE386009A6091 /* Font.swift */; };
		0A23D3D02A8FE4DE009A6091 /* SubscribeCellViewModel.swift in Sources */ = {isa = PBXBuildFile; fileRef = 0A23D3CF2A8FE4DE009A6091 /* SubscribeCellViewModel.swift */; };
		0A23D3D32A8FF167009A6091 /* Subscribe.swift in Sources */ = {isa = PBXBuildFile; fileRef = 0A23D3D22A8FF167009A6091 /* Subscribe.swift */; };
		0A23D3D52A8FF185009A6091 /* Frequency.swift in Sources */ = {isa = PBXBuildFile; fileRef = 0A23D3D42A8FF185009A6091 /* Frequency.swift */; };
		0A23D3D72A8FF1A2009A6091 /* Reminder.swift in Sources */ = {isa = PBXBuildFile; fileRef = 0A23D3D62A8FF1A2009A6091 /* Reminder.swift */; };
		894085A7449B554D3B4B17F9 /* Pods_Subs.framework in Frameworks */ = {isa = PBXBuildFile; fileRef = D3D626D48B9D469428F39874 /* Pods_Subs.framework */; };
/* End PBXBuildFile section */

/* Begin PBXFileReference section */
		023D2FCD50235B0FD340AA0B /* Pods-Subs.release.xcconfig */ = {isa = PBXFileReference; includeInIndex = 1; lastKnownFileType = text.xcconfig; name = "Pods-Subs.release.xcconfig"; path = "Target Support Files/Pods-Subs/Pods-Subs.release.xcconfig"; sourceTree = "<group>"; };
		0A23D3732A8F82E7009A6091 /* Subs.app */ = {isa = PBXFileReference; explicitFileType = wrapper.application; includeInIndex = 0; path = Subs.app; sourceTree = BUILT_PRODUCTS_DIR; };
		0A23D3762A8F82E7009A6091 /* AppDelegate.swift */ = {isa = PBXFileReference; lastKnownFileType = sourcecode.swift; path = AppDelegate.swift; sourceTree = "<group>"; };
		0A23D37A2A8F82E7009A6091 /* MySubscribesViewController.swift */ = {isa = PBXFileReference; lastKnownFileType = sourcecode.swift; path = MySubscribesViewController.swift; sourceTree = "<group>"; };
		0A23D37F2A8F82E7009A6091 /* Assets.xcassets */ = {isa = PBXFileReference; lastKnownFileType = folder.assetcatalog; path = Assets.xcassets; sourceTree = "<group>"; };
		0A23D3822A8F82E7009A6091 /* Base */ = {isa = PBXFileReference; lastKnownFileType = file.storyboard; name = Base; path = Base.lproj/LaunchScreen.storyboard; sourceTree = "<group>"; };
		0A23D3842A8F82E7009A6091 /* Info.plist */ = {isa = PBXFileReference; lastKnownFileType = text.plist.xml; path = Info.plist; sourceTree = "<group>"; };
		0A23D3912A8F8789009A6091 /* runswiftgen.sh */ = {isa = PBXFileReference; fileEncoding = 4; lastKnownFileType = text.script.sh; path = runswiftgen.sh; sourceTree = "<group>"; };
		0A23D3932A8F8789009A6091 /* ImageAssets.stencil */ = {isa = PBXFileReference; fileEncoding = 4; lastKnownFileType = text; path = ImageAssets.stencil; sourceTree = "<group>"; };
		0A23D3942A8F8789009A6091 /* LocalizableStrings.stencil */ = {isa = PBXFileReference; fileEncoding = 4; lastKnownFileType = text; path = LocalizableStrings.stencil; sourceTree = "<group>"; };
		0A23D3952A8F8789009A6091 /* Fonts.stencil */ = {isa = PBXFileReference; fileEncoding = 4; lastKnownFileType = text; path = Fonts.stencil; sourceTree = "<group>"; };
		0A23D3962A8F8789009A6091 /* swiftgen.yml */ = {isa = PBXFileReference; fileEncoding = 4; lastKnownFileType = text.yaml; path = swiftgen.yml; sourceTree = "<group>"; };
		0A23D39C2A8F87A2009A6091 /* .swiftlint.yml */ = {isa = PBXFileReference; fileEncoding = 4; lastKnownFileType = text.yaml; name = .swiftlint.yml; path = "../Subs — копия/.swiftlint.yml"; sourceTree = "<group>"; };
		0A23D3A22A8F88E3009A6091 /* en */ = {isa = PBXFileReference; lastKnownFileType = text.plist.strings; name = en; path = en.lproj/Localizable.strings; sourceTree = "<group>"; };
		0A23D3A42A8F88F3009A6091 /* ru */ = {isa = PBXFileReference; lastKnownFileType = text.plist.strings; name = ru; path = ru.lproj/Localizable.strings; sourceTree = "<group>"; };
		0A23D3A52A8F892B009A6091 /* Localization.swift */ = {isa = PBXFileReference; fileEncoding = 4; lastKnownFileType = sourcecode.swift; path = Localization.swift; sourceTree = "<group>"; };
		0A23D3A62A8F892B009A6091 /* Image.swift */ = {isa = PBXFileReference; fileEncoding = 4; lastKnownFileType = sourcecode.swift; path = Image.swift; sourceTree = "<group>"; };
		0A23D3AA2A8FB2F9009A6091 /* ScreenBuilder.swift */ = {isa = PBXFileReference; lastKnownFileType = sourcecode.swift; path = ScreenBuilder.swift; sourceTree = "<group>"; };
		0A23D3AF2A8FB3F5009A6091 /* MySubscribesViewModel.swift */ = {isa = PBXFileReference; lastKnownFileType = sourcecode.swift; path = MySubscribesViewModel.swift; sourceTree = "<group>"; };
		0A23D3B22A8FB5E6009A6091 /* TabBarController.swift */ = {isa = PBXFileReference; fileEncoding = 4; lastKnownFileType = sourcecode.swift; path = TabBarController.swift; sourceTree = "<group>"; };
		0A23D3B52A8FB69F009A6091 /* SettingsView.swift */ = {isa = PBXFileReference; lastKnownFileType = sourcecode.swift; path = SettingsView.swift; sourceTree = "<group>"; };
		0A23D3B72A8FB6AF009A6091 /* SettingsViewController.swift */ = {isa = PBXFileReference; lastKnownFileType = sourcecode.swift; path = SettingsViewController.swift; sourceTree = "<group>"; };
		0A23D3B92A8FB6BA009A6091 /* SettingsViewModel.swift */ = {isa = PBXFileReference; lastKnownFileType = sourcecode.swift; path = SettingsViewModel.swift; sourceTree = "<group>"; };
		0A23D3BC2A8FDD62009A6091 /* NewSubscribeView.swift */ = {isa = PBXFileReference; lastKnownFileType = sourcecode.swift; path = NewSubscribeView.swift; sourceTree = "<group>"; };
		0A23D3BE2A8FDD6A009A6091 /* NewSubscribeViewController.swift */ = {isa = PBXFileReference; lastKnownFileType = sourcecode.swift; path = NewSubscribeViewController.swift; sourceTree = "<group>"; };
		0A23D3C02A8FDD72009A6091 /* NewSubscribeViewModel.swift */ = {isa = PBXFileReference; lastKnownFileType = sourcecode.swift; path = NewSubscribeViewModel.swift; sourceTree = "<group>"; };
		0A23D3C72A8FE2B0009A6091 /* CellsReusingUtils.swift */ = {isa = PBXFileReference; lastKnownFileType = sourcecode.swift; path = CellsReusingUtils.swift; sourceTree = "<group>"; };
		0A23D3CA2A8FE2E3009A6091 /* SubscribeCell.swift */ = {isa = PBXFileReference; lastKnownFileType = sourcecode.swift; path = SubscribeCell.swift; sourceTree = "<group>"; };
		0A23D3CC2A8FE386009A6091 /* Font.swift */ = {isa = PBXFileReference; lastKnownFileType = sourcecode.swift; path = Font.swift; sourceTree = "<group>"; };
		0A23D3CF2A8FE4DE009A6091 /* SubscribeCellViewModel.swift */ = {isa = PBXFileReference; lastKnownFileType = sourcecode.swift; path = SubscribeCellViewModel.swift; sourceTree = "<group>"; };
		0A23D3D22A8FF167009A6091 /* Subscribe.swift */ = {isa = PBXFileReference; lastKnownFileType = sourcecode.swift; path = Subscribe.swift; sourceTree = "<group>"; };
		0A23D3D42A8FF185009A6091 /* Frequency.swift */ = {isa = PBXFileReference; lastKnownFileType = sourcecode.swift; path = Frequency.swift; sourceTree = "<group>"; };
		0A23D3D62A8FF1A2009A6091 /* Reminder.swift */ = {isa = PBXFileReference; lastKnownFileType = sourcecode.swift; path = Reminder.swift; sourceTree = "<group>"; };
		51C83E0221C825A041FD268C /* Pods-Subs.debug.xcconfig */ = {isa = PBXFileReference; includeInIndex = 1; lastKnownFileType = text.xcconfig; name = "Pods-Subs.debug.xcconfig"; path = "Target Support Files/Pods-Subs/Pods-Subs.debug.xcconfig"; sourceTree = "<group>"; };
		D3D626D48B9D469428F39874 /* Pods_Subs.framework */ = {isa = PBXFileReference; explicitFileType = wrapper.framework; includeInIndex = 0; path = Pods_Subs.framework; sourceTree = BUILT_PRODUCTS_DIR; };
/* End PBXFileReference section */

/* Begin PBXFrameworksBuildPhase section */
		0A23D3702A8F82E7009A6091 /* Frameworks */ = {
			isa = PBXFrameworksBuildPhase;
			buildActionMask = 2147483647;
			files = (
				894085A7449B554D3B4B17F9 /* Pods_Subs.framework in Frameworks */,
			);
			runOnlyForDeploymentPostprocessing = 0;
		};
/* End PBXFrameworksBuildPhase section */

/* Begin PBXGroup section */
		0A23D36A2A8F82E7009A6091 = {
			isa = PBXGroup;
			children = (
				0A23D39C2A8F87A2009A6091 /* .swiftlint.yml */,
				0A23D3902A8F8789009A6091 /* SwiftGen */,
				0A23D3752A8F82E7009A6091 /* Subs */,
				0A23D3742A8F82E7009A6091 /* Products */,
				95C0761666A17445512569DA /* Pods */,
				2105ACC89984F9EA992C89B9 /* Frameworks */,
			);
			sourceTree = "<group>";
		};
		0A23D3742A8F82E7009A6091 /* Products */ = {
			isa = PBXGroup;
			children = (
				0A23D3732A8F82E7009A6091 /* Subs.app */,
			);
			name = Products;
			sourceTree = "<group>";
		};
		0A23D3752A8F82E7009A6091 /* Subs */ = {
			isa = PBXGroup;
			children = (
				0A23D38A2A8F8436009A6091 /* App */,
				0A23D3A92A8FB290009A6091 /* Assembly */,
				0A23D3CE2A8FE4CE009A6091 /* Models */,
				0A23D38B2A8F843C009A6091 /* Screens */,
				0A23D3C52A8FE298009A6091 /* Extensions */,
				0A23D38C2A8F8449009A6091 /* Resources */,
				0A23D38D2A8F8452009A6091 /* Supporting Files */,
			);
			path = Subs;
			sourceTree = "<group>";
		};
		0A23D38A2A8F8436009A6091 /* App */ = {
			isa = PBXGroup;
			children = (
				0A23D3762A8F82E7009A6091 /* AppDelegate.swift */,
			);
			path = App;
			sourceTree = "<group>";
		};
		0A23D38B2A8F843C009A6091 /* Screens */ = {
			isa = PBXGroup;
			children = (
				0A23D3B12A8FB5C8009A6091 /* Common */,
				0A23D3AC2A8FB3B2009A6091 /* MySubscribesScreen */,
				0A23D3BB2A8FDD3F009A6091 /* NewSubscribeScreen */,
				0A23D3B42A8FB682009A6091 /* SettingsScreen */,
			);
			path = Screens;
			sourceTree = "<group>";
		};
		0A23D38C2A8F8449009A6091 /* Resources */ = {
			isa = PBXGroup;
			children = (
				0A23D37F2A8F82E7009A6091 /* Assets.xcassets */,
				0A23D3A32A8F88E3009A6091 /* Localizable.strings */,
				0A23D3A62A8F892B009A6091 /* Image.swift */,
				0A23D3A52A8F892B009A6091 /* Localization.swift */,
				0A23D3CC2A8FE386009A6091 /* Font.swift */,
			);
			path = Resources;
			sourceTree = "<group>";
		};
		0A23D38D2A8F8452009A6091 /* Supporting Files */ = {
			isa = PBXGroup;
			children = (
				0A23D3812A8F82E7009A6091 /* LaunchScreen.storyboard */,
				0A23D3842A8F82E7009A6091 /* Info.plist */,
			);
			path = "Supporting Files";
			sourceTree = "<group>";
		};
		0A23D3902A8F8789009A6091 /* SwiftGen */ = {
			isa = PBXGroup;
			children = (
				0A23D3912A8F8789009A6091 /* runswiftgen.sh */,
				0A23D3922A8F8789009A6091 /* Templates */,
				0A23D3962A8F8789009A6091 /* swiftgen.yml */,
			);
			name = SwiftGen;
			path = "../Subs — копия/SwiftGen";
			sourceTree = "<group>";
		};
		0A23D3922A8F8789009A6091 /* Templates */ = {
			isa = PBXGroup;
			children = (
				0A23D3932A8F8789009A6091 /* ImageAssets.stencil */,
				0A23D3942A8F8789009A6091 /* LocalizableStrings.stencil */,
				0A23D3952A8F8789009A6091 /* Fonts.stencil */,
			);
			path = Templates;
			sourceTree = "<group>";
		};
		0A23D3A92A8FB290009A6091 /* Assembly */ = {
			isa = PBXGroup;
			children = (
				0A23D3AA2A8FB2F9009A6091 /* ScreenBuilder.swift */,
			);
			path = Assembly;
			sourceTree = "<group>";
		};
		0A23D3AC2A8FB3B2009A6091 /* MySubscribesScreen */ = {
			isa = PBXGroup;
			children = (
				0A23D3C42A8FE1E4009A6091 /* Views */,
				0A23D37A2A8F82E7009A6091 /* MySubscribesViewController.swift */,
				0A23D3AF2A8FB3F5009A6091 /* MySubscribesViewModel.swift */,
			);
			path = MySubscribesScreen;
			sourceTree = "<group>";
		};
		0A23D3B12A8FB5C8009A6091 /* Common */ = {
			isa = PBXGroup;
			children = (
				0A23D3B22A8FB5E6009A6091 /* TabBarController.swift */,
			);
			path = Common;
			sourceTree = "<group>";
		};
		0A23D3B42A8FB682009A6091 /* SettingsScreen */ = {
			isa = PBXGroup;
			children = (
				0A23D3B72A8FB6AF009A6091 /* SettingsViewController.swift */,
				0A23D3B92A8FB6BA009A6091 /* SettingsViewModel.swift */,
				0A23D3B52A8FB69F009A6091 /* SettingsView.swift */,
			);
			path = SettingsScreen;
			sourceTree = "<group>";
		};
		0A23D3BB2A8FDD3F009A6091 /* NewSubscribeScreen */ = {
			isa = PBXGroup;
			children = (
				0A23D3BE2A8FDD6A009A6091 /* NewSubscribeViewController.swift */,
				0A23D3C02A8FDD72009A6091 /* NewSubscribeViewModel.swift */,
				0A23D3BC2A8FDD62009A6091 /* NewSubscribeView.swift */,
			);
			path = NewSubscribeScreen;
			sourceTree = "<group>";
		};
		0A23D3C42A8FE1E4009A6091 /* Views */ = {
			isa = PBXGroup;
			children = (
				0A23D3CA2A8FE2E3009A6091 /* SubscribeCell.swift */,
			);
			path = Views;
			sourceTree = "<group>";
		};
		0A23D3C52A8FE298009A6091 /* Extensions */ = {
			isa = PBXGroup;
			children = (
				0A23D3C62A8FE29F009A6091 /* UIKit */,
			);
			path = Extensions;
			sourceTree = "<group>";
		};
		0A23D3C62A8FE29F009A6091 /* UIKit */ = {
			isa = PBXGroup;
			children = (
				0A23D3C72A8FE2B0009A6091 /* CellsReusingUtils.swift */,
			);
			path = UIKit;
			sourceTree = "<group>";
		};
		0A23D3CE2A8FE4CE009A6091 /* Models */ = {
			isa = PBXGroup;
			children = (
				0A23D3D12A8FF14C009A6091 /* ViewModels */,
				0A23D3D22A8FF167009A6091 /* Subscribe.swift */,
				0A23D3D42A8FF185009A6091 /* Frequency.swift */,
				0A23D3D62A8FF1A2009A6091 /* Reminder.swift */,
			);
			path = Models;
			sourceTree = "<group>";
		};
		0A23D3D12A8FF14C009A6091 /* ViewModels */ = {
			isa = PBXGroup;
			children = (
				0A23D3CF2A8FE4DE009A6091 /* SubscribeCellViewModel.swift */,
			);
			path = ViewModels;
			sourceTree = "<group>";
		};
		2105ACC89984F9EA992C89B9 /* Frameworks */ = {
			isa = PBXGroup;
			children = (
				D3D626D48B9D469428F39874 /* Pods_Subs.framework */,
			);
			name = Frameworks;
			sourceTree = "<group>";
		};
		95C0761666A17445512569DA /* Pods */ = {
			isa = PBXGroup;
			children = (
				51C83E0221C825A041FD268C /* Pods-Subs.debug.xcconfig */,
				023D2FCD50235B0FD340AA0B /* Pods-Subs.release.xcconfig */,
			);
			path = Pods;
			sourceTree = "<group>";
		};
/* End PBXGroup section */

/* Begin PBXNativeTarget section */
		0A23D3722A8F82E7009A6091 /* Subs */ = {
			isa = PBXNativeTarget;
			buildConfigurationList = 0A23D3872A8F82E7009A6091 /* Build configuration list for PBXNativeTarget "Subs" */;
			buildPhases = (
				7B20263ACC260BDC76CDEA05 /* [CP] Check Pods Manifest.lock */,
				0A23D38F2A8F875C009A6091 /* SwiftGen */,
				0A23D39E2A8F8828009A6091 /* SwiftLint */,
				0A23D36F2A8F82E7009A6091 /* Sources */,
				0A23D3702A8F82E7009A6091 /* Frameworks */,
				0A23D3712A8F82E7009A6091 /* Resources */,
				CF6E16261AFECA8F040BE0C5 /* [CP] Embed Pods Frameworks */,
			);
			buildRules = (
			);
			dependencies = (
			);
			name = Subs;
			productName = Subs;
			productReference = 0A23D3732A8F82E7009A6091 /* Subs.app */;
			productType = "com.apple.product-type.application";
		};
/* End PBXNativeTarget section */

/* Begin PBXProject section */
		0A23D36B2A8F82E7009A6091 /* Project object */ = {
			isa = PBXProject;
			attributes = {
				BuildIndependentTargetsInParallel = 1;
				LastSwiftUpdateCheck = 1430;
				LastUpgradeCheck = 1430;
				TargetAttributes = {
					0A23D3722A8F82E7009A6091 = {
						CreatedOnToolsVersion = 14.3.1;
					};
				};
			};
			buildConfigurationList = 0A23D36E2A8F82E7009A6091 /* Build configuration list for PBXProject "Subs" */;
			compatibilityVersion = "Xcode 14.0";
			developmentRegion = en;
			hasScannedForEncodings = 0;
			knownRegions = (
				en,
				Base,
				ru,
			);
			mainGroup = 0A23D36A2A8F82E7009A6091;
			productRefGroup = 0A23D3742A8F82E7009A6091 /* Products */;
			projectDirPath = "";
			projectRoot = "";
			targets = (
				0A23D3722A8F82E7009A6091 /* Subs */,
			);
		};
/* End PBXProject section */

/* Begin PBXResourcesBuildPhase section */
		0A23D3712A8F82E7009A6091 /* Resources */ = {
			isa = PBXResourcesBuildPhase;
			buildActionMask = 2147483647;
			files = (
				0A23D39D2A8F87A2009A6091 /* .swiftlint.yml in Resources */,
				0A23D3972A8F8789009A6091 /* runswiftgen.sh in Resources */,
				0A23D39B2A8F878A009A6091 /* swiftgen.yml in Resources */,
				0A23D3982A8F878A009A6091 /* ImageAssets.stencil in Resources */,
				0A23D3A12A8F88E3009A6091 /* Localizable.strings in Resources */,
				0A23D3832A8F82E7009A6091 /* LaunchScreen.storyboard in Resources */,
				0A23D3992A8F878A009A6091 /* LocalizableStrings.stencil in Resources */,
				0A23D3802A8F82E7009A6091 /* Assets.xcassets in Resources */,
				0A23D39A2A8F878A009A6091 /* Fonts.stencil in Resources */,
			);
			runOnlyForDeploymentPostprocessing = 0;
		};
/* End PBXResourcesBuildPhase section */

/* Begin PBXShellScriptBuildPhase section */
		0A23D38F2A8F875C009A6091 /* SwiftGen */ = {
			isa = PBXShellScriptBuildPhase;
			buildActionMask = 2147483647;
			files = (
			);
			inputFileListPaths = (
			);
			inputPaths = (
				"$(SRCROOT)/SwiftGen/runswiftgen.sh",
				"$(SRCROOT)/SwiftGen/swiftgen.yml",
				"$(SRCROOT)/SwiftGen/Templates/ImageAssets.stencil",
				"$(SRCROOT)/SwiftGen/Templates/LocalizableStrings.stencil",
				"$(SRCROOT)/Subs/Resources/en.lproj/Localizable.strings",
				"$(SRCROOT)/Subs/Resources/ru.lproj/Localizable.strings",
				"$(SRCROOT)/Subs/Resources/Assets.xcassets",
			);
			name = SwiftGen;
			outputFileListPaths = (
			);
			outputPaths = (
				"$(SRCROOT)/Subs/Resources/Image.swift",
				"$(SRCROOT)/Subs/Resources/Localization.swift",
			);
			runOnlyForDeploymentPostprocessing = 0;
			shellPath = /bin/sh;
			shellScript = "\"$SRCROOT\"/SwiftGen/runswiftgen.sh \"$PODS_ROOT\"\n";
		};
		0A23D39E2A8F8828009A6091 /* SwiftLint */ = {
			isa = PBXShellScriptBuildPhase;
			alwaysOutOfDate = 1;
			buildActionMask = 2147483647;
			files = (
			);
			inputFileListPaths = (
			);
			inputPaths = (
			);
			name = SwiftLint;
			outputFileListPaths = (
			);
			outputPaths = (
			);
			runOnlyForDeploymentPostprocessing = 0;
			shellPath = /bin/sh;
			shellScript = "\"${PODS_ROOT}/SwiftLint/swiftlint\"\n";
		};
		7B20263ACC260BDC76CDEA05 /* [CP] Check Pods Manifest.lock */ = {
			isa = PBXShellScriptBuildPhase;
			buildActionMask = 2147483647;
			files = (
			);
			inputFileListPaths = (
			);
			inputPaths = (
				"${PODS_PODFILE_DIR_PATH}/Podfile.lock",
				"${PODS_ROOT}/Manifest.lock",
			);
			name = "[CP] Check Pods Manifest.lock";
			outputFileListPaths = (
			);
			outputPaths = (
				"$(DERIVED_FILE_DIR)/Pods-Subs-checkManifestLockResult.txt",
			);
			runOnlyForDeploymentPostprocessing = 0;
			shellPath = /bin/sh;
			shellScript = "diff \"${PODS_PODFILE_DIR_PATH}/Podfile.lock\" \"${PODS_ROOT}/Manifest.lock\" > /dev/null\nif [ $? != 0 ] ; then\n    # print error to STDERR\n    echo \"error: The sandbox is not in sync with the Podfile.lock. Run 'pod install' or update your CocoaPods installation.\" >&2\n    exit 1\nfi\n# This output is used by Xcode 'outputs' to avoid re-running this script phase.\necho \"SUCCESS\" > \"${SCRIPT_OUTPUT_FILE_0}\"\n";
			showEnvVarsInLog = 0;
		};
		CF6E16261AFECA8F040BE0C5 /* [CP] Embed Pods Frameworks */ = {
			isa = PBXShellScriptBuildPhase;
			buildActionMask = 2147483647;
			files = (
			);
			inputFileListPaths = (
				"${PODS_ROOT}/Target Support Files/Pods-Subs/Pods-Subs-frameworks-${CONFIGURATION}-input-files.xcfilelist",
			);
			name = "[CP] Embed Pods Frameworks";
			outputFileListPaths = (
				"${PODS_ROOT}/Target Support Files/Pods-Subs/Pods-Subs-frameworks-${CONFIGURATION}-output-files.xcfilelist",
			);
			runOnlyForDeploymentPostprocessing = 0;
			shellPath = /bin/sh;
			shellScript = "\"${PODS_ROOT}/Target Support Files/Pods-Subs/Pods-Subs-frameworks.sh\"\n";
			showEnvVarsInLog = 0;
		};
/* End PBXShellScriptBuildPhase section */

/* Begin PBXSourcesBuildPhase section */
		0A23D36F2A8F82E7009A6091 /* Sources */ = {
			isa = PBXSourcesBuildPhase;
			buildActionMask = 2147483647;
			files = (
				0A23D3D52A8FF185009A6091 /* Frequency.swift in Sources */,
				0A23D3D32A8FF167009A6091 /* Subscribe.swift in Sources */,
				0A23D37B2A8F82E7009A6091 /* MySubscribesViewController.swift in Sources */,
				0A23D3B32A8FB5E6009A6091 /* TabBarController.swift in Sources */,
				0A23D3CB2A8FE2E3009A6091 /* SubscribeCell.swift in Sources */,
				0A23D3A82A8F892B009A6091 /* Image.swift in Sources */,
				0A23D3C82A8FE2B0009A6091 /* CellsReusingUtils.swift in Sources */,
				0A23D3BF2A8FDD6A009A6091 /* NewSubscribeViewController.swift in Sources */,
				0A23D3B82A8FB6AF009A6091 /* SettingsViewController.swift in Sources */,
				0A23D3B62A8FB69F009A6091 /* SettingsView.swift in Sources */,
				0A23D3AB2A8FB2F9009A6091 /* ScreenBuilder.swift in Sources */,
				0A23D3772A8F82E7009A6091 /* AppDelegate.swift in Sources */,
				0A23D3A72A8F892B009A6091 /* Localization.swift in Sources */,
				0A23D3D72A8FF1A2009A6091 /* Reminder.swift in Sources */,
				0A23D3D02A8FE4DE009A6091 /* SubscribeCellViewModel.swift in Sources */,
				0A23D3BD2A8FDD62009A6091 /* NewSubscribeView.swift in Sources */,
				0A23D3C12A8FDD72009A6091 /* NewSubscribeViewModel.swift in Sources */,
				0A23D3BA2A8FB6BA009A6091 /* SettingsViewModel.swift in Sources */,
				0A23D3CD2A8FE386009A6091 /* Font.swift in Sources */,
				0A23D3B02A8FB3F5009A6091 /* MySubscribesViewModel.swift in Sources */,
			);
			runOnlyForDeploymentPostprocessing = 0;
		};
/* End PBXSourcesBuildPhase section */

/* Begin PBXVariantGroup section */
		0A23D3812A8F82E7009A6091 /* LaunchScreen.storyboard */ = {
			isa = PBXVariantGroup;
			children = (
				0A23D3822A8F82E7009A6091 /* Base */,
			);
			name = LaunchScreen.storyboard;
			sourceTree = "<group>";
		};
		0A23D3A32A8F88E3009A6091 /* Localizable.strings */ = {
			isa = PBXVariantGroup;
			children = (
				0A23D3A22A8F88E3009A6091 /* en */,
				0A23D3A42A8F88F3009A6091 /* ru */,
			);
			name = Localizable.strings;
			sourceTree = "<group>";
		};
/* End PBXVariantGroup section */

/* Begin XCBuildConfiguration section */
		0A23D3852A8F82E7009A6091 /* Debug */ = {
			isa = XCBuildConfiguration;
			buildSettings = {
				ALWAYS_SEARCH_USER_PATHS = NO;
				CLANG_ANALYZER_LOCALIZABILITY_NONLOCALIZED = YES;
				CLANG_ANALYZER_NONNULL = YES;
				CLANG_ANALYZER_NUMBER_OBJECT_CONVERSION = YES_AGGRESSIVE;
				CLANG_CXX_LANGUAGE_STANDARD = "gnu++20";
				CLANG_ENABLE_MODULES = YES;
				CLANG_ENABLE_OBJC_ARC = YES;
				CLANG_ENABLE_OBJC_WEAK = YES;
				CLANG_WARN_BLOCK_CAPTURE_AUTORELEASING = YES;
				CLANG_WARN_BOOL_CONVERSION = YES;
				CLANG_WARN_COMMA = YES;
				CLANG_WARN_CONSTANT_CONVERSION = YES;
				CLANG_WARN_DEPRECATED_OBJC_IMPLEMENTATIONS = YES;
				CLANG_WARN_DIRECT_OBJC_ISA_USAGE = YES_ERROR;
				CLANG_WARN_DOCUMENTATION_COMMENTS = YES;
				CLANG_WARN_EMPTY_BODY = YES;
				CLANG_WARN_ENUM_CONVERSION = YES;
				CLANG_WARN_INFINITE_RECURSION = YES;
				CLANG_WARN_INT_CONVERSION = YES;
				CLANG_WARN_NON_LITERAL_NULL_CONVERSION = YES;
				CLANG_WARN_OBJC_IMPLICIT_RETAIN_SELF = YES;
				CLANG_WARN_OBJC_LITERAL_CONVERSION = YES;
				CLANG_WARN_OBJC_ROOT_CLASS = YES_ERROR;
				CLANG_WARN_QUOTED_INCLUDE_IN_FRAMEWORK_HEADER = YES;
				CLANG_WARN_RANGE_LOOP_ANALYSIS = YES;
				CLANG_WARN_STRICT_PROTOTYPES = YES;
				CLANG_WARN_SUSPICIOUS_MOVE = YES;
				CLANG_WARN_UNGUARDED_AVAILABILITY = YES_AGGRESSIVE;
				CLANG_WARN_UNREACHABLE_CODE = YES;
				CLANG_WARN__DUPLICATE_METHOD_MATCH = YES;
				COPY_PHASE_STRIP = NO;
				DEBUG_INFORMATION_FORMAT = dwarf;
				ENABLE_STRICT_OBJC_MSGSEND = YES;
				ENABLE_TESTABILITY = YES;
				GCC_C_LANGUAGE_STANDARD = gnu11;
				GCC_DYNAMIC_NO_PIC = NO;
				GCC_NO_COMMON_BLOCKS = YES;
				GCC_OPTIMIZATION_LEVEL = 0;
				GCC_PREPROCESSOR_DEFINITIONS = (
					"DEBUG=1",
					"$(inherited)",
				);
				GCC_WARN_64_TO_32_BIT_CONVERSION = YES;
				GCC_WARN_ABOUT_RETURN_TYPE = YES_ERROR;
				GCC_WARN_UNDECLARED_SELECTOR = YES;
				GCC_WARN_UNINITIALIZED_AUTOS = YES_AGGRESSIVE;
				GCC_WARN_UNUSED_FUNCTION = YES;
				GCC_WARN_UNUSED_VARIABLE = YES;
				IPHONEOS_DEPLOYMENT_TARGET = 15.0;
				MTL_ENABLE_DEBUG_INFO = INCLUDE_SOURCE;
				MTL_FAST_MATH = YES;
				ONLY_ACTIVE_ARCH = YES;
				SDKROOT = iphoneos;
				SWIFT_ACTIVE_COMPILATION_CONDITIONS = DEBUG;
				SWIFT_OPTIMIZATION_LEVEL = "-Onone";
			};
			name = Debug;
		};
		0A23D3862A8F82E7009A6091 /* Release */ = {
			isa = XCBuildConfiguration;
			buildSettings = {
				ALWAYS_SEARCH_USER_PATHS = NO;
				CLANG_ANALYZER_LOCALIZABILITY_NONLOCALIZED = YES;
				CLANG_ANALYZER_NONNULL = YES;
				CLANG_ANALYZER_NUMBER_OBJECT_CONVERSION = YES_AGGRESSIVE;
				CLANG_CXX_LANGUAGE_STANDARD = "gnu++20";
				CLANG_ENABLE_MODULES = YES;
				CLANG_ENABLE_OBJC_ARC = YES;
				CLANG_ENABLE_OBJC_WEAK = YES;
				CLANG_WARN_BLOCK_CAPTURE_AUTORELEASING = YES;
				CLANG_WARN_BOOL_CONVERSION = YES;
				CLANG_WARN_COMMA = YES;
				CLANG_WARN_CONSTANT_CONVERSION = YES;
				CLANG_WARN_DEPRECATED_OBJC_IMPLEMENTATIONS = YES;
				CLANG_WARN_DIRECT_OBJC_ISA_USAGE = YES_ERROR;
				CLANG_WARN_DOCUMENTATION_COMMENTS = YES;
				CLANG_WARN_EMPTY_BODY = YES;
				CLANG_WARN_ENUM_CONVERSION = YES;
				CLANG_WARN_INFINITE_RECURSION = YES;
				CLANG_WARN_INT_CONVERSION = YES;
				CLANG_WARN_NON_LITERAL_NULL_CONVERSION = YES;
				CLANG_WARN_OBJC_IMPLICIT_RETAIN_SELF = YES;
				CLANG_WARN_OBJC_LITERAL_CONVERSION = YES;
				CLANG_WARN_OBJC_ROOT_CLASS = YES_ERROR;
				CLANG_WARN_QUOTED_INCLUDE_IN_FRAMEWORK_HEADER = YES;
				CLANG_WARN_RANGE_LOOP_ANALYSIS = YES;
				CLANG_WARN_STRICT_PROTOTYPES = YES;
				CLANG_WARN_SUSPICIOUS_MOVE = YES;
				CLANG_WARN_UNGUARDED_AVAILABILITY = YES_AGGRESSIVE;
				CLANG_WARN_UNREACHABLE_CODE = YES;
				CLANG_WARN__DUPLICATE_METHOD_MATCH = YES;
				COPY_PHASE_STRIP = NO;
				DEBUG_INFORMATION_FORMAT = "dwarf-with-dsym";
				ENABLE_NS_ASSERTIONS = NO;
				ENABLE_STRICT_OBJC_MSGSEND = YES;
				GCC_C_LANGUAGE_STANDARD = gnu11;
				GCC_NO_COMMON_BLOCKS = YES;
				GCC_WARN_64_TO_32_BIT_CONVERSION = YES;
				GCC_WARN_ABOUT_RETURN_TYPE = YES_ERROR;
				GCC_WARN_UNDECLARED_SELECTOR = YES;
				GCC_WARN_UNINITIALIZED_AUTOS = YES_AGGRESSIVE;
				GCC_WARN_UNUSED_FUNCTION = YES;
				GCC_WARN_UNUSED_VARIABLE = YES;
				IPHONEOS_DEPLOYMENT_TARGET = 15.0;
				MTL_ENABLE_DEBUG_INFO = NO;
				MTL_FAST_MATH = YES;
				SDKROOT = iphoneos;
				SWIFT_COMPILATION_MODE = wholemodule;
				SWIFT_OPTIMIZATION_LEVEL = "-O";
				VALIDATE_PRODUCT = YES;
			};
			name = Release;
		};
		0A23D3882A8F82E7009A6091 /* Debug */ = {
			isa = XCBuildConfiguration;
			baseConfigurationReference = 51C83E0221C825A041FD268C /* Pods-Subs.debug.xcconfig */;
			buildSettings = {
				ASSETCATALOG_COMPILER_APPICON_NAME = AppIcon;
				ASSETCATALOG_COMPILER_GLOBAL_ACCENT_COLOR_NAME = AccentColor;
				CODE_SIGN_STYLE = Automatic;
				CURRENT_PROJECT_VERSION = 1;
				DEVELOPMENT_TEAM = VEWJJ8ZGBW;
				GENERATE_INFOPLIST_FILE = YES;
				INFOPLIST_FILE = "Subs/Supporting Files/Info.plist";
				INFOPLIST_KEY_LSApplicationCategoryType = "public.app-category.finance";
				INFOPLIST_KEY_UIApplicationSupportsIndirectInputEvents = YES;
				INFOPLIST_KEY_UILaunchStoryboardName = LaunchScreen;
				INFOPLIST_KEY_UISupportedInterfaceOrientations = UIInterfaceOrientationPortrait;
				IPHONEOS_DEPLOYMENT_TARGET = 15.0;
				LD_RUNPATH_SEARCH_PATHS = (
					"$(inherited)",
					"@executable_path/Frameworks",
				);
				MARKETING_VERSION = 1.0;
				PRODUCT_BUNDLE_IDENTIFIER = ru.vikhlyaev.Subs;
				PRODUCT_NAME = "$(TARGET_NAME)";
				SUPPORTED_PLATFORMS = "iphoneos iphonesimulator";
				SUPPORTS_MACCATALYST = NO;
				SUPPORTS_MAC_DESIGNED_FOR_IPHONE_IPAD = NO;
				SWIFT_EMIT_LOC_STRINGS = YES;
				SWIFT_VERSION = 5.0;
				TARGETED_DEVICE_FAMILY = 1;
			};
			name = Debug;
		};
		0A23D3892A8F82E7009A6091 /* Release */ = {
			isa = XCBuildConfiguration;
			baseConfigurationReference = 023D2FCD50235B0FD340AA0B /* Pods-Subs.release.xcconfig */;
			buildSettings = {
				ASSETCATALOG_COMPILER_APPICON_NAME = AppIcon;
				ASSETCATALOG_COMPILER_GLOBAL_ACCENT_COLOR_NAME = AccentColor;
				CODE_SIGN_STYLE = Automatic;
				CURRENT_PROJECT_VERSION = 1;
				DEVELOPMENT_TEAM = VEWJJ8ZGBW;
				GENERATE_INFOPLIST_FILE = YES;
				INFOPLIST_FILE = "Subs/Supporting Files/Info.plist";
				INFOPLIST_KEY_LSApplicationCategoryType = "public.app-category.finance";
				INFOPLIST_KEY_UIApplicationSupportsIndirectInputEvents = YES;
				INFOPLIST_KEY_UILaunchStoryboardName = LaunchScreen;
				INFOPLIST_KEY_UISupportedInterfaceOrientations = UIInterfaceOrientationPortrait;
				IPHONEOS_DEPLOYMENT_TARGET = 15.0;
				LD_RUNPATH_SEARCH_PATHS = (
					"$(inherited)",
					"@executable_path/Frameworks",
				);
				MARKETING_VERSION = 1.0;
				PRODUCT_BUNDLE_IDENTIFIER = ru.vikhlyaev.Subs;
				PRODUCT_NAME = "$(TARGET_NAME)";
				SUPPORTED_PLATFORMS = "iphoneos iphonesimulator";
				SUPPORTS_MACCATALYST = NO;
				SUPPORTS_MAC_DESIGNED_FOR_IPHONE_IPAD = NO;
				SWIFT_EMIT_LOC_STRINGS = YES;
				SWIFT_VERSION = 5.0;
				TARGETED_DEVICE_FAMILY = 1;
			};
			name = Release;
		};
/* End XCBuildConfiguration section */

/* Begin XCConfigurationList section */
		0A23D36E2A8F82E7009A6091 /* Build configuration list for PBXProject "Subs" */ = {
			isa = XCConfigurationList;
			buildConfigurations = (
				0A23D3852A8F82E7009A6091 /* Debug */,
				0A23D3862A8F82E7009A6091 /* Release */,
			);
			defaultConfigurationIsVisible = 0;
			defaultConfigurationName = Release;
		};
		0A23D3872A8F82E7009A6091 /* Build configuration list for PBXNativeTarget "Subs" */ = {
			isa = XCConfigurationList;
			buildConfigurations = (
				0A23D3882A8F82E7009A6091 /* Debug */,
				0A23D3892A8F82E7009A6091 /* Release */,
			);
			defaultConfigurationIsVisible = 0;
			defaultConfigurationName = Release;
		};
/* End XCConfigurationList section */
	};
	rootObject = 0A23D36B2A8F82E7009A6091 /* Project object */;
}
